// !$*UTF8*$!
{
	archiveVersion = 1;
	classes = {
	};
	objectVersion = 51;
	objects = {

/* Begin PBXBuildFile section */
		28833B6D34693EC00B37392D /* Pods_swiftResultType.framework in Frameworks */ = {isa = PBXBuildFile; fileRef = 2192F6ABBE90EDEFEF389236 /* Pods_swiftResultType.framework */; };
		4CF23C2024D46A1E00525529 /* AppDelegate.swift in Sources */ = {isa = PBXBuildFile; fileRef = 4CF23C1F24D46A1E00525529 /* AppDelegate.swift */; };
		4CF23C2224D46A1E00525529 /* SceneDelegate.swift in Sources */ = {isa = PBXBuildFile; fileRef = 4CF23C2124D46A1E00525529 /* SceneDelegate.swift */; };
		4CF23C2424D46A1E00525529 /* ViewController.swift in Sources */ = {isa = PBXBuildFile; fileRef = 4CF23C2324D46A1E00525529 /* ViewController.swift */; };
		4CF23C2724D46A1E00525529 /* Main.storyboard in Resources */ = {isa = PBXBuildFile; fileRef = 4CF23C2524D46A1E00525529 /* Main.storyboard */; };
		4CF23C2A24D46A1E00525529 /* swiftResultType.xcdatamodeld in Sources */ = {isa = PBXBuildFile; fileRef = 4CF23C2824D46A1E00525529 /* swiftResultType.xcdatamodeld */; };
		4CF23C2C24D46A2400525529 /* Assets.xcassets in Resources */ = {isa = PBXBuildFile; fileRef = 4CF23C2B24D46A2400525529 /* Assets.xcassets */; };
		4CF23C2F24D46A2400525529 /* LaunchScreen.storyboard in Resources */ = {isa = PBXBuildFile; fileRef = 4CF23C2D24D46A2400525529 /* LaunchScreen.storyboard */; };
		4CF23C3724D4769E00525529 /* urlServices.swift in Sources */ = {isa = PBXBuildFile; fileRef = 4CF23C3624D4769E00525529 /* urlServices.swift */; };
/* End PBXBuildFile section */

/* Begin PBXFileReference section */
		2192F6ABBE90EDEFEF389236 /* Pods_swiftResultType.framework */ = {isa = PBXFileReference; explicitFileType = wrapper.framework; includeInIndex = 0; path = Pods_swiftResultType.framework; sourceTree = BUILT_PRODUCTS_DIR; };
		4CF23C1C24D46A1E00525529 /* swiftResultType.app */ = {isa = PBXFileReference; explicitFileType = wrapper.application; includeInIndex = 0; path = swiftResultType.app; sourceTree = BUILT_PRODUCTS_DIR; };
		4CF23C1F24D46A1E00525529 /* AppDelegate.swift */ = {isa = PBXFileReference; lastKnownFileType = sourcecode.swift; path = AppDelegate.swift; sourceTree = "<group>"; };
		4CF23C2124D46A1E00525529 /* SceneDelegate.swift */ = {isa = PBXFileReference; lastKnownFileType = sourcecode.swift; path = SceneDelegate.swift; sourceTree = "<group>"; };
		4CF23C2324D46A1E00525529 /* ViewController.swift */ = {isa = PBXFileReference; lastKnownFileType = sourcecode.swift; path = ViewController.swift; sourceTree = "<group>"; };
		4CF23C2624D46A1E00525529 /* Base */ = {isa = PBXFileReference; lastKnownFileType = file.storyboard; name = Base; path = Base.lproj/Main.storyboard; sourceTree = "<group>"; };
		4CF23C2924D46A1E00525529 /* swiftResultType.xcdatamodel */ = {isa = PBXFileReference; lastKnownFileType = wrapper.xcdatamodel; path = swiftResultType.xcdatamodel; sourceTree = "<group>"; };
		4CF23C2B24D46A2400525529 /* Assets.xcassets */ = {isa = PBXFileReference; lastKnownFileType = folder.assetcatalog; path = Assets.xcassets; sourceTree = "<group>"; };
		4CF23C2E24D46A2400525529 /* Base */ = {isa = PBXFileReference; lastKnownFileType = file.storyboard; name = Base; path = Base.lproj/LaunchScreen.storyboard; sourceTree = "<group>"; };
		4CF23C3024D46A2400525529 /* Info.plist */ = {isa = PBXFileReference; lastKnownFileType = text.plist.xml; path = Info.plist; sourceTree = "<group>"; };
		4CF23C3624D4769E00525529 /* urlServices.swift */ = {isa = PBXFileReference; lastKnownFileType = sourcecode.swift; path = urlServices.swift; sourceTree = "<group>"; };
		ACE233EE6BEAA276396818CD /* Pods-swiftResultType.release.xcconfig */ = {isa = PBXFileReference; includeInIndex = 1; lastKnownFileType = text.xcconfig; name = "Pods-swiftResultType.release.xcconfig"; path = "Target Support Files/Pods-swiftResultType/Pods-swiftResultType.release.xcconfig"; sourceTree = "<group>"; };
		B10C98EC168D06CF2EFDB8E2 /* Pods-swiftResultType.debug.xcconfig */ = {isa = PBXFileReference; includeInIndex = 1; lastKnownFileType = text.xcconfig; name = "Pods-swiftResultType.debug.xcconfig"; path = "Target Support Files/Pods-swiftResultType/Pods-swiftResultType.debug.xcconfig"; sourceTree = "<group>"; };
/* End PBXFileReference section */

/* Begin PBXFrameworksBuildPhase section */
		4CF23C1924D46A1E00525529 /* Frameworks */ = {
			isa = PBXFrameworksBuildPhase;
			buildActionMask = 2147483647;
			files = (
				28833B6D34693EC00B37392D /* Pods_swiftResultType.framework in Frameworks */,
			);
			runOnlyForDeploymentPostprocessing = 0;
		};
/* End PBXFrameworksBuildPhase section */

/* Begin PBXGroup section */
		20E59F62E329054C5AC574E8 /* Frameworks */ = {
			isa = PBXGroup;
			children = (
				2192F6ABBE90EDEFEF389236 /* Pods_swiftResultType.framework */,
			);
			name = Frameworks;
			sourceTree = "<group>";
		};
		4CF23C1324D46A1D00525529 = {
			isa = PBXGroup;
			children = (
				4CF23C1E24D46A1E00525529 /* swiftResultType */,
				4CF23C1D24D46A1E00525529 /* Products */,
				A177BAA4792AD88B6CC1E37D /* Pods */,
				20E59F62E329054C5AC574E8 /* Frameworks */,
			);
			sourceTree = "<group>";
		};
		4CF23C1D24D46A1E00525529 /* Products */ = {
			isa = PBXGroup;
			children = (
				4CF23C1C24D46A1E00525529 /* swiftResultType.app */,
			);
			name = Products;
			sourceTree = "<group>";
		};
		4CF23C1E24D46A1E00525529 /* swiftResultType */ = {
			isa = PBXGroup;
			children = (
				4CF23C1F24D46A1E00525529 /* AppDelegate.swift */,
				4CF23C2124D46A1E00525529 /* SceneDelegate.swift */,
				4CF23C2324D46A1E00525529 /* ViewController.swift */,
				4CF23C3624D4769E00525529 /* urlServices.swift */,
				4CF23C2524D46A1E00525529 /* Main.storyboard */,
				4CF23C2B24D46A2400525529 /* Assets.xcassets */,
				4CF23C2D24D46A2400525529 /* LaunchScreen.storyboard */,
				4CF23C3024D46A2400525529 /* Info.plist */,
				4CF23C2824D46A1E00525529 /* swiftResultType.xcdatamodeld */,
			);
			path = swiftResultType;
			sourceTree = "<group>";
		};
		A177BAA4792AD88B6CC1E37D /* Pods */ = {
			isa = PBXGroup;
			children = (
				B10C98EC168D06CF2EFDB8E2 /* Pods-swiftResultType.debug.xcconfig */,
				ACE233EE6BEAA276396818CD /* Pods-swiftResultType.release.xcconfig */,
			);
			path = Pods;
			sourceTree = "<group>";
		};
/* End PBXGroup section */

/* Begin PBXNativeTarget section */
		4CF23C1B24D46A1E00525529 /* swiftResultType */ = {
			isa = PBXNativeTarget;
			buildConfigurationList = 4CF23C3324D46A2400525529 /* Build configuration list for PBXNativeTarget "swiftResultType" */;
			buildPhases = (
				0425B9D602CF810BEA5D32B3 /* [CP] Check Pods Manifest.lock */,
				4CF23C1824D46A1E00525529 /* Sources */,
				4CF23C1924D46A1E00525529 /* Frameworks */,
				4CF23C1A24D46A1E00525529 /* Resources */,
				3375A3D7A5189D12F122B526 /* [CP] Embed Pods Frameworks */,
			);
			buildRules = (
			);
			dependencies = (
			);
			name = swiftResultType;
			productName = swiftResultType;
			productReference = 4CF23C1C24D46A1E00525529 /* swiftResultType.app */;
			productType = "com.apple.product-type.application";
		};
/* End PBXNativeTarget section */

/* Begin PBXProject section */
		4CF23C1424D46A1D00525529 /* Project object */ = {
			isa = PBXProject;
			attributes = {
				LastSwiftUpdateCheck = 1150;
				LastUpgradeCheck = 1150;
				ORGANIZATIONNAME = Bhargava;
				TargetAttributes = {
					4CF23C1B24D46A1E00525529 = {
						CreatedOnToolsVersion = 11.5;
					};
				};
			};
			buildConfigurationList = 4CF23C1724D46A1D00525529 /* Build configuration list for PBXProject "swiftResultType" */;
			compatibilityVersion = "Xcode 9.3";
			developmentRegion = en;
			hasScannedForEncodings = 0;
			knownRegions = (
				en,
				Base,
			);
			mainGroup = 4CF23C1324D46A1D00525529;
			productRefGroup = 4CF23C1D24D46A1E00525529 /* Products */;
			projectDirPath = "";
			projectRoot = "";
			targets = (
				4CF23C1B24D46A1E00525529 /* swiftResultType */,
			);
		};
/* End PBXProject section */

/* Begin PBXResourcesBuildPhase section */
		4CF23C1A24D46A1E00525529 /* Resources */ = {
			isa = PBXResourcesBuildPhase;
			buildActionMask = 2147483647;
			files = (
				4CF23C2F24D46A2400525529 /* LaunchScreen.storyboard in Resources */,
				4CF23C2C24D46A2400525529 /* Assets.xcassets in Resources */,
				4CF23C2724D46A1E00525529 /* Main.storyboard in Resources */,
			);
			runOnlyForDeploymentPostprocessing = 0;
		};
/* End PBXResourcesBuildPhase section */

/* Begin PBXShellScriptBuildPhase section */
		0425B9D602CF810BEA5D32B3 /* [CP] Check Pods Manifest.lock */ = {
			isa = PBXShellScriptBuildPhase;
			buildActionMask = 2147483647;
			files = (
			);
			inputFileListPaths = (
			);
			inputPaths = (
				"${PODS_PODFILE_DIR_PATH}/Podfile.lock",
				"${PODS_ROOT}/Manifest.lock",
			);
			name = "[CP] Check Pods Manifest.lock";
			outputFileListPaths = (
			);
			outputPaths = (
				"$(DERIVED_FILE_DIR)/Pods-swiftResultType-checkManifestLockResult.txt",
			);
			runOnlyForDeploymentPostprocessing = 0;
			shellPath = /bin/sh;
			shellScript = "diff \"${PODS_PODFILE_DIR_PATH}/Podfile.lock\" \"${PODS_ROOT}/Manifest.lock\" > /dev/null\nif [ $? != 0 ] ; then\n    # print error to STDERR\n    echo \"error: The sandbox is not in sync with the Podfile.lock. Run 'pod install' or update your CocoaPods installation.\" >&2\n    exit 1\nfi\n# This output is used by Xcode 'outputs' to avoid re-running this script phase.\necho \"SUCCESS\" > \"${SCRIPT_OUTPUT_FILE_0}\"\n";
			showEnvVarsInLog = 0;
		};
		3375A3D7A5189D12F122B526 /* [CP] Embed Pods Frameworks */ = {
			isa = PBXShellScriptBuildPhase;
			buildActionMask = 2147483647;
			files = (
			);
			inputFileListPaths = (
				"${PODS_ROOT}/Target Support Files/Pods-swiftResultType/Pods-swiftResultType-frameworks-${CONFIGURATION}-input-files.xcfilelist",
			);
			name = "[CP] Embed Pods Frameworks";
			outputFileListPaths = (
				"${PODS_ROOT}/Target Support Files/Pods-swiftResultType/Pods-swiftResultType-frameworks-${CONFIGURATION}-output-files.xcfilelist",
			);
			runOnlyForDeploymentPostprocessing = 0;
			shellPath = /bin/sh;
			shellScript = "\"${PODS_ROOT}/Target Support Files/Pods-swiftResultType/Pods-swiftResultType-frameworks.sh\"\n";
			showEnvVarsInLog = 0;
		};
/* End PBXShellScriptBuildPhase section */

/* Begin PBXSourcesBuildPhase section */
		4CF23C1824D46A1E00525529 /* Sources */ = {
			isa = PBXSourcesBuildPhase;
			buildActionMask = 2147483647;
			files = (
				4CF23C2424D46A1E00525529 /* ViewController.swift in Sources */,
				4CF23C2024D46A1E00525529 /* AppDelegate.swift in Sources */,
				4CF23C2A24D46A1E00525529 /* swiftResultType.xcdatamodeld in Sources */,
				4CF23C2224D46A1E00525529 /* SceneDelegate.swift in Sources */,
				4CF23C3724D4769E00525529 /* urlServices.swift in Sources */,
			);
			runOnlyForDeploymentPostprocessing = 0;
		};
/* End PBXSourcesBuildPhase section */

/* Begin PBXVariantGroup section */
		4CF23C2524D46A1E00525529 /* Main.storyboard */ = {
			isa = PBXVariantGroup;
			children = (
				4CF23C2624D46A1E00525529 /* Base */,
			);
			name = Main.storyboard;
			sourceTree = "<group>";
		};
		4CF23C2D24D46A2400525529 /* LaunchScreen.storyboard */ = {
			isa = PBXVariantGroup;
			children = (
				4CF23C2E24D46A2400525529 /* Base */,
			);
			name = LaunchScreen.storyboard;
			sourceTree = "<group>";
		};
/* End PBXVariantGroup section */

/* Begin XCBuildConfiguration section */
		4CF23C3124D46A2400525529 /* Debug */ = {
			isa = XCBuildConfiguration;
			buildSettings = {
				ALWAYS_SEARCH_USER_PATHS = NO;
				CLANG_ANALYZER_NONNULL = YES;
				CLANG_ANALYZER_NUMBER_OBJECT_CONVERSION = YES_AGGRESSIVE;
				CLANG_CXX_LANGUAGE_STANDARD = "gnu++14";
				CLANG_CXX_LIBRARY = "libc++";
				CLANG_ENABLE_MODULES = YES;
				CLANG_ENABLE_OBJC_ARC = YES;
				CLANG_ENABLE_OBJC_WEAK = YES;
				CLANG_WARN_BLOCK_CAPTURE_AUTORELEASING = YES;
				CLANG_WARN_BOOL_CONVERSION = YES;
				CLANG_WARN_COMMA = YES;
				CLANG_WARN_CONSTANT_CONVERSION = YES;
				CLANG_WARN_DEPRECATED_OBJC_IMPLEMENTATIONS = YES;
				CLANG_WARN_DIRECT_OBJC_ISA_USAGE = YES_ERROR;
				CLANG_WARN_DOCUMENTATION_COMMENTS = YES;
				CLANG_WARN_EMPTY_BODY = YES;
				CLANG_WARN_ENUM_CONVERSION = YES;
				CLANG_WARN_INFINITE_RECURSION = YES;
				CLANG_WARN_INT_CONVERSION = YES;
				CLANG_WARN_NON_LITERAL_NULL_CONVERSION = YES;
				CLANG_WARN_OBJC_IMPLICIT_RETAIN_SELF = YES;
				CLANG_WARN_OBJC_LITERAL_CONVERSION = YES;
				CLANG_WARN_OBJC_ROOT_CLASS = YES_ERROR;
				CLANG_WARN_RANGE_LOOP_ANALYSIS = YES;
				CLANG_WARN_STRICT_PROTOTYPES = YES;
				CLANG_WARN_SUSPICIOUS_MOVE = YES;
				CLANG_WARN_UNGUARDED_AVAILABILITY = YES_AGGRESSIVE;
				CLANG_WARN_UNREACHABLE_CODE = YES;
				CLANG_WARN__DUPLICATE_METHOD_MATCH = YES;
				COPY_PHASE_STRIP = NO;
				DEBUG_INFORMATION_FORMAT = dwarf;
				ENABLE_STRICT_OBJC_MSGSEND = YES;
				ENABLE_TESTABILITY = YES;
				GCC_C_LANGUAGE_STANDARD = gnu11;
				GCC_DYNAMIC_NO_PIC = NO;
				GCC_NO_COMMON_BLOCKS = YES;
				GCC_OPTIMIZATION_LEVEL = 0;
				GCC_PREPROCESSOR_DEFINITIONS = (
					"DEBUG=1",
					"$(inherited)",
				);
				GCC_WARN_64_TO_32_BIT_CONVERSION = YES;
				GCC_WARN_ABOUT_RETURN_TYPE = YES_ERROR;
				GCC_WARN_UNDECLARED_SELECTOR = YES;
				GCC_WARN_UNINITIALIZED_AUTOS = YES_AGGRESSIVE;
				GCC_WARN_UNUSED_FUNCTION = YES;
				GCC_WARN_UNUSED_VARIABLE = YES;
				IPHONEOS_DEPLOYMENT_TARGET = 13.5;
				MTL_ENABLE_DEBUG_INFO = INCLUDE_SOURCE;
				MTL_FAST_MATH = YES;
				ONLY_ACTIVE_ARCH = YES;
				SDKROOT = iphoneos;
				SWIFT_ACTIVE_COMPILATION_CONDITIONS = DEBUG;
				SWIFT_OPTIMIZATION_LEVEL = "-Onone";
			};
			name = Debug;
		};
		4CF23C3224D46A2400525529 /* Release */ = {
			isa = XCBuildConfiguration;
			buildSettings = {
				ALWAYS_SEARCH_USER_PATHS = NO;
				CLANG_ANALYZER_NONNULL = YES;
				CLANG_ANALYZER_NUMBER_OBJECT_CONVERSION = YES_AGGRESSIVE;
				CLANG_CXX_LANGUAGE_STANDARD = "gnu++14";
				CLANG_CXX_LIBRARY = "libc++";
				CLANG_ENABLE_MODULES = YES;
				CLANG_ENABLE_OBJC_ARC = YES;
				CLANG_ENABLE_OBJC_WEAK = YES;
				CLANG_WARN_BLOCK_CAPTURE_AUTORELEASING = YES;
				CLANG_WARN_BOOL_CONVERSION = YES;
				CLANG_WARN_COMMA = YES;
				CLANG_WARN_CONSTANT_CONVERSION = YES;
				CLANG_WARN_DEPRECATED_OBJC_IMPLEMENTATIONS = YES;
				CLANG_WARN_DIRECT_OBJC_ISA_USAGE = YES_ERROR;
				CLANG_WARN_DOCUMENTATION_COMMENTS = YES;
				CLANG_WARN_EMPTY_BODY = YES;
				CLANG_WARN_ENUM_CONVERSION = YES;
				CLANG_WARN_INFINITE_RECURSION = YES;
				CLANG_WARN_INT_CONVERSION = YES;
				CLANG_WARN_NON_LITERAL_NULL_CONVERSION = YES;
				CLANG_WARN_OBJC_IMPLICIT_RETAIN_SELF = YES;
				CLANG_WARN_OBJC_LITERAL_CONVERSION = YES;
				CLANG_WARN_OBJC_ROOT_CLASS = YES_ERROR;
				CLANG_WARN_RANGE_LOOP_ANALYSIS = YES;
				CLANG_WARN_STRICT_PROTOTYPES = YES;
				CLANG_WARN_SUSPICIOUS_MOVE = YES;
				CLANG_WARN_UNGUARDED_AVAILABILITY = YES_AGGRESSIVE;
				CLANG_WARN_UNREACHABLE_CODE = YES;
				CLANG_WARN__DUPLICATE_METHOD_MATCH = YES;
				COPY_PHASE_STRIP = NO;
				DEBUG_INFORMATION_FORMAT = "dwarf-with-dsym";
				ENABLE_NS_ASSERTIONS = NO;
				ENABLE_STRICT_OBJC_MSGSEND = YES;
				GCC_C_LANGUAGE_STANDARD = gnu11;
				GCC_NO_COMMON_BLOCKS = YES;
				GCC_WARN_64_TO_32_BIT_CONVERSION = YES;
				GCC_WARN_ABOUT_RETURN_TYPE = YES_ERROR;
				GCC_WARN_UNDECLARED_SELECTOR = YES;
				GCC_WARN_UNINITIALIZED_AUTOS = YES_AGGRESSIVE;
				GCC_WARN_UNUSED_FUNCTION = YES;
				GCC_WARN_UNUSED_VARIABLE = YES;
				IPHONEOS_DEPLOYMENT_TARGET = 13.5;
				MTL_ENABLE_DEBUG_INFO = NO;
				MTL_FAST_MATH = YES;
				SDKROOT = iphoneos;
				SWIFT_COMPILATION_MODE = wholemodule;
				SWIFT_OPTIMIZATION_LEVEL = "-O";
				VALIDATE_PRODUCT = YES;
			};
			name = Release;
		};
		4CF23C3424D46A2400525529 /* Debug */ = {
			isa = XCBuildConfiguration;
			baseConfigurationReference = B10C98EC168D06CF2EFDB8E2 /* Pods-swiftResultType.debug.xcconfig */;
			buildSettings = {
				ASSETCATALOG_COMPILER_APPICON_NAME = AppIcon;
				CODE_SIGN_STYLE = Automatic;
				INFOPLIST_FILE = swiftResultType/Info.plist;
				LD_RUNPATH_SEARCH_PATHS = (
					"$(inherited)",
					"@executable_path/Frameworks",
				);
				PRODUCT_BUNDLE_IDENTIFIER = com.cbn.swiftResultType;
				PRODUCT_NAME = "$(TARGET_NAME)";
				SWIFT_VERSION = 5.0;
				TARGETED_DEVICE_FAMILY = "1,2";
			};
			name = Debug;
		};
		4CF23C3524D46A2400525529 /* Release */ = {
			isa = XCBuildConfiguration;
			baseConfigurationReference = ACE233EE6BEAA276396818CD /* Pods-swiftResultType.release.xcconfig */;
			buildSettings = {
				ASSETCATALOG_COMPILER_APPICON_NAME = AppIcon;
				CODE_SIGN_STYLE = Automatic;
				INFOPLIST_FILE = swiftResultType/Info.plist;
				LD_RUNPATH_SEARCH_PATHS = (
					"$(inherited)",
					"@executable_path/Frameworks",
				);
				PRODUCT_BUNDLE_IDENTIFIER = com.cbn.swiftResultType;
				PRODUCT_NAME = "$(TARGET_NAME)";
				SWIFT_VERSION = 5.0;
				TARGETED_DEVICE_FAMILY = "1,2";
			};
			name = Release;
		};
/* End XCBuildConfiguration section */

/* Begin XCConfigurationList section */
		4CF23C1724D46A1D00525529 /* Build configuration list for PBXProject "swiftResultType" */ = {
			isa = XCConfigurationList;
			buildConfigurations = (
				4CF23C3124D46A2400525529 /* Debug */,
				4CF23C3224D46A2400525529 /* Release */,
			);
			defaultConfigurationIsVisible = 0;
			defaultConfigurationName = Release;
		};
		4CF23C3324D46A2400525529 /* Build configuration list for PBXNativeTarget "swiftResultType" */ = {
			isa = XCConfigurationList;
			buildConfigurations = (
				4CF23C3424D46A2400525529 /* Debug */,
				4CF23C3524D46A2400525529 /* Release */,
			);
			defaultConfigurationIsVisible = 0;
			defaultConfigurationName = Release;
		};
/* End XCConfigurationList section */

/* Begin XCVersionGroup section */
		4CF23C2824D46A1E00525529 /* swiftResultType.xcdatamodeld */ = {
			isa = XCVersionGroup;
			children = (
				4CF23C2924D46A1E00525529 /* swiftResultType.xcdatamodel */,
			);
			currentVersion = 4CF23C2924D46A1E00525529 /* swiftResultType.xcdatamodel */;
			path = swiftResultType.xcdatamodeld;
			sourceTree = "<group>";
			versionGroupType = wrapper.xcdatamodel;
		};
/* End XCVersionGroup section */
	};
	rootObject = 4CF23C1424D46A1D00525529 /* Project object */;
}
